
Microsoft Visual Studio Solution File, Format Version 12.00
# Visual Studio Version 17
VisualStudioVersion = 17.3.32929.385
MinimumVisualStudioVersion = 10.0.40219.1
Project("{FAE04EC0-301F-11D3-BF4B-00C04F79EFBC}") = "LojaWeb", "LojaWeb\LojaWeb.csproj", "{B597D596-7511-4BE3-ADA9-8C3008947B21}"
EndProject
Global
	GlobalSection(SolutionConfigurationPlatforms) = preSolution
		Debug|Any CPU = Debug|Any CPU
		Release|Any CPU = Release|Any CPU
	EndGlobalSection
	GlobalSection(ProjectConfigurationPlatforms) = postSolution
		{B597D596-7511-4BE3-ADA9-8C3008947B21}.Debug|Any CPU.ActiveCfg = Debug|Any CPU
		{B597D596-7511-4BE3-ADA9-8C3008947B21}.Debug|Any CPU.Build.0 = Debug|Any CPU
		{B597D596-7511-4BE3-ADA9-8C3008947B21}.Release|Any CPU.ActiveCfg = Release|Any CPU
		{B597D596-7511-4BE3-ADA9-8C3008947B21}.Release|Any CPU.Build.0 = Release|Any CPU
	EndGlobalSection
	GlobalSection(SolutionProperties) = preSolution
		HideSolutionNode = FALSE
	EndGlobalSection
	GlobalSection(ExtensibilityGlobals) = postSolution
		SolutionGuid = {9306A5F4-81D4-49CC-8142-00128F2196C5}
	EndGlobalSection
EndGlobal
